{
  "originHash" : "58d59d71aaed4905c3f106314b5056663032c718c6173b20d74faa5c5ea4d54a",
  "pins" : [
    {
      "identity" : "nsui",
      "kind" : "remoteSourceControl",
      "location" : "https://github.com/mattmassicotte/nsui",
      "state" : {
        "revision" : "8792b2f789bf03be1be9ecb4df43d2bfe0e5d361",
        "version" : "1.3.0"
      }
    },
    {
      "identity" : "swift-docc-plugin",
      "kind" : "remoteSourceControl",
      "location" : "https://github.com/apple/swift-docc-plugin",
      "state" : {
        "revision" : "85e4bb4e1cd62cec64a4b8e769dcefdf0c5b9d64",
        "version" : "1.4.3"
      }
    },
    {
      "identity" : "swift-docc-symbolkit",
      "kind" : "remoteSourceControl",
      "location" : "https://github.com/swiftlang/swift-docc-symbolkit",
      "state" : {
        "revision" : "b45d1f2ed151d057b54504d653e0da5552844e34",
        "version" : "1.0.0"
      }
    },
    {
      "identity" : "textcore",
      "kind" : "remoteSourceControl",
      "location" : "https://github.com/dvclmn/TextCore.git",
      "state" : {
        "branch" : "main",
        "revision" : "eaa33b8a07be7cf3016cd3f60583a937d4196334"
      }
    }
  ],
  "version" : 3
}
