{
  "originHash" : "137437a4d24def14163e81a27740b74c72d0e44b5189a478a95369c11379f444",
  "pins" : [
    {
      "identity" : "swift-docc-plugin",
      "kind" : "remoteSourceControl",
      "location" : "https://github.com/apple/swift-docc-plugin",
      "state" : {
        "revision" : "85e4bb4e1cd62cec64a4b8e769dcefdf0c5b9d64",
        "version" : "1.4.3"
      }
    },
    {
      "identity" : "swift-docc-symbolkit",
      "kind" : "remoteSourceControl",
      "location" : "https://github.com/swiftlang/swift-docc-symbolkit",
      "state" : {
        "revision" : "b45d1f2ed151d057b54504d653e0da5552844e34",
        "version" : "1.0.0"
      }
    },
    {
      "identity" : "textcore",
      "kind" : "remoteSourceControl",
      "location" : "https://github.com/dvclmn/TextCore.git",
      "state" : {
        "branch" : "main",
        "revision" : "eaa33b8a07be7cf3016cd3f60583a937d4196334"
      }
    }
  ],
  "version" : 3
}
